
Microsoft Visual Studio Solution File, Format Version 12.00
# Visual Studio 14
VisualStudioVersion = 14.0.24720.0
MinimumVisualStudioVersion = 10.0.40219.1
Project("{FAE04EC0-301F-11D3-BF4B-00C04F79EFBC}") = "CellularAutomataGenerator2", "CellularAutomataGenerator2\CellularAutomataGenerator2.csproj", "{B042C026-AFD4-46B9-BA24-9F1202FA3ECF}"
EndProject
Global
	GlobalSection(SolutionConfigurationPlatforms) = preSolution
		Debug|Any CPU = Debug|Any CPU
		Release|Any CPU = Release|Any CPU
	EndGlobalSection
	GlobalSection(ProjectConfigurationPlatforms) = postSolution
		{B042C026-AFD4-46B9-BA24-9F1202FA3ECF}.Debug|Any CPU.ActiveCfg = Debug|Any CPU
		{B042C026-AFD4-46B9-BA24-9F1202FA3ECF}.Debug|Any CPU.Build.0 = Debug|Any CPU
		{B042C026-AFD4-46B9-BA24-9F1202FA3ECF}.Release|Any CPU.ActiveCfg = Release|Any CPU
		{B042C026-AFD4-46B9-BA24-9F1202FA3ECF}.Release|Any CPU.Build.0 = Release|Any CPU
	EndGlobalSection
	GlobalSection(SolutionProperties) = preSolution
		HideSolutionNode = FALSE
	EndGlobalSection
EndGlobal
